
Microsoft Visual Studio Solution File, Format Version 12.00
# Visual Studio Version 17
VisualStudioVersion = 17.7.34221.43
MinimumVisualStudioVersion = 10.0.40219.1
Project("{FAE04EC0-301F-11D3-BF4B-00C04F79EFBC}") = "WindowsFormsApp5.1", "WindowsFormsApp5.1\WindowsFormsApp5.1.csproj", "{DB5AEC6E-B4DB-40C9-88BF-CAFF3B8421FE}"
EndProject
Global
	GlobalSection(SolutionConfigurationPlatforms) = preSolution
		Debug|Any CPU = Debug|Any CPU
		Release|Any CPU = Release|Any CPU
	EndGlobalSection
	GlobalSection(ProjectConfigurationPlatforms) = postSolution
		{DB5AEC6E-B4DB-40C9-88BF-CAFF3B8421FE}.Debug|Any CPU.ActiveCfg = Debug|Any CPU
		{DB5AEC6E-B4DB-40C9-88BF-CAFF3B8421FE}.Debug|Any CPU.Build.0 = Debug|Any CPU
		{DB5AEC6E-B4DB-40C9-88BF-CAFF3B8421FE}.Release|Any CPU.ActiveCfg = Release|Any CPU
		{DB5AEC6E-B4DB-40C9-88BF-CAFF3B8421FE}.Release|Any CPU.Build.0 = Release|Any CPU
	EndGlobalSection
	GlobalSection(SolutionProperties) = preSolution
		HideSolutionNode = FALSE
	EndGlobalSection
	GlobalSection(ExtensibilityGlobals) = postSolution
		SolutionGuid = {809E0E3F-4E15-4550-B88C-9CE2EB6DE4FD}
	EndGlobalSection
EndGlobal
